
Microsoft Visual Studio Solution File, Format Version 12.00
# Visual Studio 15
VisualStudioVersion = 15.0.28307.271
MinimumVisualStudioVersion = 10.0.40219.1
Project("{FAE04EC0-301F-11D3-BF4B-00C04F79EFBC}") = "Chart_Sample.Android", "Chart_Sample\Chart_Sample.Android\Chart_Sample.Android.csproj", "{1EEE7934-B203-4E8F-8EB3-16B6FC318797}"
EndProject
Project("{FAE04EC0-301F-11D3-BF4B-00C04F79EFBC}") = "Chart_Sample.iOS", "Chart_Sample\Chart_Sample.iOS\Chart_Sample.iOS.csproj", "{870F7851-8050-4E3C-8C7C-B1ECC99FDE9E}"
EndProject
Project("{FAE04EC0-301F-11D3-BF4B-00C04F79EFBC}") = "Chart_Sample.UWP", "Chart_Sample\Chart_Sample.UWP\Chart_Sample.UWP.csproj", "{6C27A9BC-CB11-4B0A-AA11-7F7706F42E5D}"
EndProject
Project("{FAE04EC0-301F-11D3-BF4B-00C04F79EFBC}") = "Chart_Sample", "Chart_Sample\Chart_Sample\Chart_Sample.csproj", "{EC2A8B50-79E5-488A-A17C-BEE57F7962BA}"
EndProject
Global
	GlobalSection(SolutionConfigurationPlatforms) = preSolution
		Ad-Hoc|Any CPU = Ad-Hoc|Any CPU
		Ad-Hoc|ARM = Ad-Hoc|ARM
		Ad-Hoc|iPhone = Ad-Hoc|iPhone
		Ad-Hoc|iPhoneSimulator = Ad-Hoc|iPhoneSimulator
		Ad-Hoc|x64 = Ad-Hoc|x64
		Ad-Hoc|x86 = Ad-Hoc|x86
		AppStore|Any CPU = AppStore|Any CPU
		AppStore|ARM = AppStore|ARM
		AppStore|iPhone = AppStore|iPhone
		AppStore|iPhoneSimulator = AppStore|iPhoneSimulator
		AppStore|x64 = AppStore|x64
		AppStore|x86 = AppStore|x86
		Debug|Any CPU = Debug|Any CPU
		Debug|ARM = Debug|ARM
		Debug|iPhone = Debug|iPhone
		Debug|iPhoneSimulator = Debug|iPhoneSimulator
		Debug|x64 = Debug|x64
		Debug|x86 = Debug|x86
		Release|Any CPU = Release|Any CPU
		Release|ARM = Release|ARM
		Release|iPhone = Release|iPhone
		Release|iPhoneSimulator = Release|iPhoneSimulator
		Release|x64 = Release|x64
		Release|x86 = Release|x86
	EndGlobalSection
	GlobalSection(ProjectConfigurationPlatforms) = postSolution
		{1EEE7934-B203-4E8F-8EB3-16B6FC318797}.Ad-Hoc|Any CPU.ActiveCfg = Release|Any CPU
		{1EEE7934-B203-4E8F-8EB3-16B6FC318797}.Ad-Hoc|Any CPU.Build.0 = Release|Any CPU
		{1EEE7934-B203-4E8F-8EB3-16B6FC318797}.Ad-Hoc|Any CPU.Deploy.0 = Release|Any CPU
		{1EEE7934-B203-4E8F-8EB3-16B6FC318797}.Ad-Hoc|ARM.ActiveCfg = Release|Any CPU
		{1EEE7934-B203-4E8F-8EB3-16B6FC318797}.Ad-Hoc|ARM.Build.0 = Release|Any CPU
		{1EEE7934-B203-4E8F-8EB3-16B6FC318797}.Ad-Hoc|ARM.Deploy.0 = Release|Any CPU
		{1EEE7934-B203-4E8F-8EB3-16B6FC318797}.Ad-Hoc|iPhone.ActiveCfg = Release|Any CPU
		{1EEE7934-B203-4E8F-8EB3-16B6FC318797}.Ad-Hoc|iPhone.Build.0 = Release|Any CPU
		{1EEE7934-B203-4E8F-8EB3-16B6FC318797}.Ad-Hoc|iPhone.Deploy.0 = Release|Any CPU
		{1EEE7934-B203-4E8F-8EB3-16B6FC318797}.Ad-Hoc|iPhoneSimulator.ActiveCfg = Release|Any CPU
		{1EEE7934-B203-4E8F-8EB3-16B6FC318797}.Ad-Hoc|iPhoneSimulator.Build.0 = Release|Any CPU
		{1EEE7934-B203-4E8F-8EB3-16B6FC318797}.Ad-Hoc|iPhoneSimulator.Deploy.0 = Release|Any CPU
		{1EEE7934-B203-4E8F-8EB3-16B6FC318797}.Ad-Hoc|x64.ActiveCfg = Release|Any CPU
		{1EEE7934-B203-4E8F-8EB3-16B6FC318797}.Ad-Hoc|x64.Build.0 = Release|Any CPU
		{1EEE7934-B203-4E8F-8EB3-16B6FC318797}.Ad-Hoc|x64.Deploy.0 = Release|Any CPU
		{1EEE7934-B203-4E8F-8EB3-16B6FC318797}.Ad-Hoc|x86.ActiveCfg = Release|Any CPU
		{1EEE7934-B203-4E8F-8EB3-16B6FC318797}.Ad-Hoc|x86.Build.0 = Release|Any CPU
		{1EEE7934-B203-4E8F-8EB3-16B6FC318797}.Ad-Hoc|x86.Deploy.0 = Release|Any CPU
		{1EEE7934-B203-4E8F-8EB3-16B6FC318797}.AppStore|Any CPU.ActiveCfg = Release|Any CPU
		{1EEE7934-B203-4E8F-8EB3-16B6FC318797}.AppStore|Any CPU.Build.0 = Release|Any CPU
		{1EEE7934-B203-4E8F-8EB3-16B6FC318797}.AppStore|Any CPU.Deploy.0 = Release|Any CPU
		{1EEE7934-B203-4E8F-8EB3-16B6FC318797}.AppStore|ARM.ActiveCfg = Release|Any CPU
		{1EEE7934-B203-4E8F-8EB3-16B6FC318797}.AppStore|ARM.Build.0 = Release|Any CPU
		{1EEE7934-B203-4E8F-8EB3-16B6FC318797}.AppStore|ARM.Deploy.0 = Release|Any CPU
		{1EEE7934-B203-4E8F-8EB3-16B6FC318797}.AppStore|iPhone.ActiveCfg = Release|Any CPU
		{1EEE7934-B203-4E8F-8EB3-16B6FC318797}.AppStore|iPhone.Build.0 = Release|Any CPU
		{1EEE7934-B203-4E8F-8EB3-16B6FC318797}.AppStore|iPhone.Deploy.0 = Release|Any CPU
		{1EEE7934-B203-4E8F-8EB3-16B6FC318797}.AppStore|iPhoneSimulator.ActiveCfg = Release|Any CPU
		{1EEE7934-B203-4E8F-8EB3-16B6FC318797}.AppStore|iPhoneSimulator.Build.0 = Release|Any CPU
		{1EEE7934-B203-4E8F-8EB3-16B6FC318797}.AppStore|iPhoneSimulator.Deploy.0 = Release|Any CPU
		{1EEE7934-B203-4E8F-8EB3-16B6FC318797}.AppStore|x64.ActiveCfg = Release|Any CPU
		{1EEE7934-B203-4E8F-8EB3-16B6FC318797}.AppStore|x64.Build.0 = Release|Any CPU
		{1EEE7934-B203-4E8F-8EB3-16B6FC318797}.AppStore|x64.Deploy.0 = Release|Any CPU
		{1EEE7934-B203-4E8F-8EB3-16B6FC318797}.AppStore|x86.ActiveCfg = Release|Any CPU
		{1EEE7934-B203-4E8F-8EB3-16B6FC318797}.AppStore|x86.Build.0 = Release|Any CPU
		{1EEE7934-B203-4E8F-8EB3-16B6FC318797}.AppStore|x86.Deploy.0 = Release|Any CPU
		{1EEE7934-B203-4E8F-8EB3-16B6FC318797}.Debug|Any CPU.ActiveCfg = Debug|Any CPU
		{1EEE7934-B203-4E8F-8EB3-16B6FC318797}.Debug|Any CPU.Build.0 = Debug|Any CPU
		{1EEE7934-B203-4E8F-8EB3-16B6FC318797}.Debug|Any CPU.Deploy.0 = Debug|Any CPU
		{1EEE7934-B203-4E8F-8EB3-16B6FC318797}.Debug|ARM.ActiveCfg = Debug|Any CPU
		{1EEE7934-B203-4E8F-8EB3-16B6FC318797}.Debug|ARM.Build.0 = Debug|Any CPU
		{1EEE7934-B203-4E8F-8EB3-16B6FC318797}.Debug|ARM.Deploy.0 = Debug|Any CPU
		{1EEE7934-B203-4E8F-8EB3-16B6FC318797}.Debug|iPhone.ActiveCfg = Debug|Any CPU
		{1EEE7934-B203-4E8F-8EB3-16B6FC318797}.Debug|iPhone.Build.0 = Debug|Any CPU
		{1EEE7934-B203-4E8F-8EB3-16B6FC318797}.Debug|iPhone.Deploy.0 = Debug|Any CPU
		{1EEE7934-B203-4E8F-8EB3-16B6FC318797}.Debug|iPhoneSimulator.ActiveCfg = Debug|Any CPU
		{1EEE7934-B203-4E8F-8EB3-16B6FC318797}.Debug|iPhoneSimulator.Build.0 = Debug|Any CPU
		{1EEE7934-B203-4E8F-8EB3-16B6FC318797}.Debug|iPhoneSimulator.Deploy.0 = Debug|Any CPU
		{1EEE7934-B203-4E8F-8EB3-16B6FC318797}.Debug|x64.ActiveCfg = Debug|Any CPU
		{1EEE7934-B203-4E8F-8EB3-16B6FC318797}.Debug|x64.Build.0 = Debug|Any CPU
		{1EEE7934-B203-4E8F-8EB3-16B6FC318797}.Debug|x64.Deploy.0 = Debug|Any CPU
		{1EEE7934-B203-4E8F-8EB3-16B6FC318797}.Debug|x86.ActiveCfg = Debug|Any CPU
		{1EEE7934-B203-4E8F-8EB3-16B6FC318797}.Debug|x86.Build.0 = Debug|Any CPU
		{1EEE7934-B203-4E8F-8EB3-16B6FC318797}.Debug|x86.Deploy.0 = Debug|Any CPU
		{1EEE7934-B203-4E8F-8EB3-16B6FC318797}.Release|Any CPU.ActiveCfg = Release|Any CPU
		{1EEE7934-B203-4E8F-8EB3-16B6FC318797}.Release|Any CPU.Build.0 = Release|Any CPU
		{1EEE7934-B203-4E8F-8EB3-16B6FC318797}.Release|Any CPU.Deploy.0 = Release|Any CPU
		{1EEE7934-B203-4E8F-8EB3-16B6FC318797}.Release|ARM.ActiveCfg = Release|Any CPU
		{1EEE7934-B203-4E8F-8EB3-16B6FC318797}.Release|ARM.Build.0 = Release|Any CPU
		{1EEE7934-B203-4E8F-8EB3-16B6FC318797}.Release|ARM.Deploy.0 = Release|Any CPU
		{1EEE7934-B203-4E8F-8EB3-16B6FC318797}.Release|iPhone.ActiveCfg = Release|Any CPU
		{1EEE7934-B203-4E8F-8EB3-16B6FC318797}.Release|iPhone.Build.0 = Release|Any CPU
		{1EEE7934-B203-4E8F-8EB3-16B6FC318797}.Release|iPhone.Deploy.0 = Release|Any CPU
		{1EEE7934-B203-4E8F-8EB3-16B6FC318797}.Release|iPhoneSimulator.ActiveCfg = Release|Any CPU
		{1EEE7934-B203-4E8F-8EB3-16B6FC318797}.Release|iPhoneSimulator.Build.0 = Release|Any CPU
		{1EEE7934-B203-4E8F-8EB3-16B6FC318797}.Release|iPhoneSimulator.Deploy.0 = Release|Any CPU
		{1EEE7934-B203-4E8F-8EB3-16B6FC318797}.Release|x64.ActiveCfg = Release|Any CPU
		{1EEE7934-B203-4E8F-8EB3-16B6FC318797}.Release|x64.Build.0 = Release|Any CPU
		{1EEE7934-B203-4E8F-8EB3-16B6FC318797}.Release|x64.Deploy.0 = Release|Any CPU
		{1EEE7934-B203-4E8F-8EB3-16B6FC318797}.Release|x86.ActiveCfg = Release|Any CPU
		{1EEE7934-B203-4E8F-8EB3-16B6FC318797}.Release|x86.Build.0 = Release|Any CPU
		{1EEE7934-B203-4E8F-8EB3-16B6FC318797}.Release|x86.Deploy.0 = Release|Any CPU
		{870F7851-8050-4E3C-8C7C-B1ECC99FDE9E}.Ad-Hoc|Any CPU.ActiveCfg = Ad-Hoc|iPhone
		{870F7851-8050-4E3C-8C7C-B1ECC99FDE9E}.Ad-Hoc|Any CPU.Build.0 = Ad-Hoc|iPhone
		{870F7851-8050-4E3C-8C7C-B1ECC99FDE9E}.Ad-Hoc|Any CPU.Deploy.0 = Ad-Hoc|iPhone
		{870F7851-8050-4E3C-8C7C-B1ECC99FDE9E}.Ad-Hoc|ARM.ActiveCfg = Ad-Hoc|iPhone
		{870F7851-8050-4E3C-8C7C-B1ECC99FDE9E}.Ad-Hoc|ARM.Build.0 = Ad-Hoc|iPhone
		{870F7851-8050-4E3C-8C7C-B1ECC99FDE9E}.Ad-Hoc|ARM.Deploy.0 = Ad-Hoc|iPhone
		{870F7851-8050-4E3C-8C7C-B1ECC99FDE9E}.Ad-Hoc|iPhone.ActiveCfg = Ad-Hoc|iPhone
		{870F7851-8050-4E3C-8C7C-B1ECC99FDE9E}.Ad-Hoc|iPhone.Build.0 = Ad-Hoc|iPhone
		{870F7851-8050-4E3C-8C7C-B1ECC99FDE9E}.Ad-Hoc|iPhone.Deploy.0 = Ad-Hoc|iPhone
		{870F7851-8050-4E3C-8C7C-B1ECC99FDE9E}.Ad-Hoc|iPhoneSimulator.ActiveCfg = Ad-Hoc|iPhoneSimulator
		{870F7851-8050-4E3C-8C7C-B1ECC99FDE9E}.Ad-Hoc|iPhoneSimulator.Build.0 = Ad-Hoc|iPhoneSimulator
		{870F7851-8050-4E3C-8C7C-B1ECC99FDE9E}.Ad-Hoc|iPhoneSimulator.Deploy.0 = Ad-Hoc|iPhoneSimulator
		{870F7851-8050-4E3C-8C7C-B1ECC99FDE9E}.Ad-Hoc|x64.ActiveCfg = Ad-Hoc|iPhone
		{870F7851-8050-4E3C-8C7C-B1ECC99FDE9E}.Ad-Hoc|x64.Build.0 = Ad-Hoc|iPhone
		{870F7851-8050-4E3C-8C7C-B1ECC99FDE9E}.Ad-Hoc|x64.Deploy.0 = Ad-Hoc|iPhone
		{870F7851-8050-4E3C-8C7C-B1ECC99FDE9E}.Ad-Hoc|x86.ActiveCfg = Ad-Hoc|iPhone
		{870F7851-8050-4E3C-8C7C-B1ECC99FDE9E}.Ad-Hoc|x86.Build.0 = Ad-Hoc|iPhone
		{870F7851-8050-4E3C-8C7C-B1ECC99FDE9E}.Ad-Hoc|x86.Deploy.0 = Ad-Hoc|iPhone
		{870F7851-8050-4E3C-8C7C-B1ECC99FDE9E}.AppStore|Any CPU.ActiveCfg = AppStore|iPhone
		{870F7851-8050-4E3C-8C7C-B1ECC99FDE9E}.AppStore|Any CPU.Build.0 = AppStore|iPhone
		{870F7851-8050-4E3C-8C7C-B1ECC99FDE9E}.AppStore|Any CPU.Deploy.0 = AppStore|iPhone
		{870F7851-8050-4E3C-8C7C-B1ECC99FDE9E}.AppStore|ARM.ActiveCfg = AppStore|iPhone
		{870F7851-8050-4E3C-8C7C-B1ECC99FDE9E}.AppStore|ARM.Build.0 = AppStore|iPhone
		{870F7851-8050-4E3C-8C7C-B1ECC99FDE9E}.AppStore|ARM.Deploy.0 = AppStore|iPhone
		{870F7851-8050-4E3C-8C7C-B1ECC99FDE9E}.AppStore|iPhone.ActiveCfg = AppStore|iPhone
		{870F7851-8050-4E3C-8C7C-B1ECC99FDE9E}.AppStore|iPhone.Build.0 = AppStore|iPhone
		{870F7851-8050-4E3C-8C7C-B1ECC99FDE9E}.AppStore|iPhone.Deploy.0 = AppStore|iPhone
		{870F7851-8050-4E3C-8C7C-B1ECC99FDE9E}.AppStore|iPhoneSimulator.ActiveCfg = AppStore|iPhoneSimulator
		{870F7851-8050-4E3C-8C7C-B1ECC99FDE9E}.AppStore|iPhoneSimulator.Build.0 = AppStore|iPhoneSimulator
		{870F7851-8050-4E3C-8C7C-B1ECC99FDE9E}.AppStore|iPhoneSimulator.Deploy.0 = AppStore|iPhoneSimulator
		{870F7851-8050-4E3C-8C7C-B1ECC99FDE9E}.AppStore|x64.ActiveCfg = AppStore|iPhone
		{870F7851-8050-4E3C-8C7C-B1ECC99FDE9E}.AppStore|x64.Build.0 = AppStore|iPhone
		{870F7851-8050-4E3C-8C7C-B1ECC99FDE9E}.AppStore|x64.Deploy.0 = AppStore|iPhone
		{870F7851-8050-4E3C-8C7C-B1ECC99FDE9E}.AppStore|x86.ActiveCfg = AppStore|iPhone
		{870F7851-8050-4E3C-8C7C-B1ECC99FDE9E}.AppStore|x86.Build.0 = AppStore|iPhone
		{870F7851-8050-4E3C-8C7C-B1ECC99FDE9E}.AppStore|x86.Deploy.0 = AppStore|iPhone
		{870F7851-8050-4E3C-8C7C-B1ECC99FDE9E}.Debug|Any CPU.ActiveCfg = Debug|iPhoneSimulator
		{870F7851-8050-4E3C-8C7C-B1ECC99FDE9E}.Debug|Any CPU.Build.0 = Debug|iPhoneSimulator
		{870F7851-8050-4E3C-8C7C-B1ECC99FDE9E}.Debug|Any CPU.Deploy.0 = Debug|iPhoneSimulator
		{870F7851-8050-4E3C-8C7C-B1ECC99FDE9E}.Debug|ARM.ActiveCfg = Debug|iPhone
		{870F7851-8050-4E3C-8C7C-B1ECC99FDE9E}.Debug|ARM.Build.0 = Debug|iPhone
		{870F7851-8050-4E3C-8C7C-B1ECC99FDE9E}.Debug|ARM.Deploy.0 = Debug|iPhone
		{870F7851-8050-4E3C-8C7C-B1ECC99FDE9E}.Debug|iPhone.ActiveCfg = Debug|iPhone
		{870F7851-8050-4E3C-8C7C-B1ECC99FDE9E}.Debug|iPhone.Build.0 = Debug|iPhone
		{870F7851-8050-4E3C-8C7C-B1ECC99FDE9E}.Debug|iPhone.Deploy.0 = Debug|iPhone
		{870F7851-8050-4E3C-8C7C-B1ECC99FDE9E}.Debug|iPhoneSimulator.ActiveCfg = Debug|iPhoneSimulator
		{870F7851-8050-4E3C-8C7C-B1ECC99FDE9E}.Debug|iPhoneSimulator.Build.0 = Debug|iPhoneSimulator
		{870F7851-8050-4E3C-8C7C-B1ECC99FDE9E}.Debug|iPhoneSimulator.Deploy.0 = Debug|iPhoneSimulator
		{870F7851-8050-4E3C-8C7C-B1ECC99FDE9E}.Debug|x64.ActiveCfg = Debug|iPhone
		{870F7851-8050-4E3C-8C7C-B1ECC99FDE9E}.Debug|x64.Build.0 = Debug|iPhone
		{870F7851-8050-4E3C-8C7C-B1ECC99FDE9E}.Debug|x64.Deploy.0 = Debug|iPhone
		{870F7851-8050-4E3C-8C7C-B1ECC99FDE9E}.Debug|x86.ActiveCfg = Debug|iPhone
		{870F7851-8050-4E3C-8C7C-B1ECC99FDE9E}.Debug|x86.Build.0 = Debug|iPhone
		{870F7851-8050-4E3C-8C7C-B1ECC99FDE9E}.Debug|x86.Deploy.0 = Debug|iPhone
		{870F7851-8050-4E3C-8C7C-B1ECC99FDE9E}.Release|Any CPU.ActiveCfg = Release|iPhone
		{870F7851-8050-4E3C-8C7C-B1ECC99FDE9E}.Release|Any CPU.Build.0 = Release|iPhone
		{870F7851-8050-4E3C-8C7C-B1ECC99FDE9E}.Release|Any CPU.Deploy.0 = Release|iPhone
		{870F7851-8050-4E3C-8C7C-B1ECC99FDE9E}.Release|ARM.ActiveCfg = Release|iPhone
		{870F7851-8050-4E3C-8C7C-B1ECC99FDE9E}.Release|ARM.Build.0 = Release|iPhone
		{870F7851-8050-4E3C-8C7C-B1ECC99FDE9E}.Release|ARM.Deploy.0 = Release|iPhone
		{870F7851-8050-4E3C-8C7C-B1ECC99FDE9E}.Release|iPhone.ActiveCfg = Release|iPhone
		{870F7851-8050-4E3C-8C7C-B1ECC99FDE9E}.Release|iPhone.Build.0 = Release|iPhone
		{870F7851-8050-4E3C-8C7C-B1ECC99FDE9E}.Release|iPhone.Deploy.0 = Release|iPhone
		{870F7851-8050-4E3C-8C7C-B1ECC99FDE9E}.Release|iPhoneSimulator.ActiveCfg = Release|iPhoneSimulator
		{870F7851-8050-4E3C-8C7C-B1ECC99FDE9E}.Release|iPhoneSimulator.Build.0 = Release|iPhoneSimulator
		{870F7851-8050-4E3C-8C7C-B1ECC99FDE9E}.Release|iPhoneSimulator.Deploy.0 = Release|iPhoneSimulator
		{870F7851-8050-4E3C-8C7C-B1ECC99FDE9E}.Release|x64.ActiveCfg = Release|iPhone
		{870F7851-8050-4E3C-8C7C-B1ECC99FDE9E}.Release|x64.Build.0 = Release|iPhone
		{870F7851-8050-4E3C-8C7C-B1ECC99FDE9E}.Release|x64.Deploy.0 = Release|iPhone
		{870F7851-8050-4E3C-8C7C-B1ECC99FDE9E}.Release|x86.ActiveCfg = Release|iPhone
		{870F7851-8050-4E3C-8C7C-B1ECC99FDE9E}.Release|x86.Build.0 = Release|iPhone
		{870F7851-8050-4E3C-8C7C-B1ECC99FDE9E}.Release|x86.Deploy.0 = Release|iPhone
		{6C27A9BC-CB11-4B0A-AA11-7F7706F42E5D}.Ad-Hoc|Any CPU.ActiveCfg = Release|x86
		{6C27A9BC-CB11-4B0A-AA11-7F7706F42E5D}.Ad-Hoc|Any CPU.Build.0 = Release|x86
		{6C27A9BC-CB11-4B0A-AA11-7F7706F42E5D}.Ad-Hoc|Any CPU.Deploy.0 = Release|x86
		{6C27A9BC-CB11-4B0A-AA11-7F7706F42E5D}.Ad-Hoc|ARM.ActiveCfg = Release|ARM
		{6C27A9BC-CB11-4B0A-AA11-7F7706F42E5D}.Ad-Hoc|ARM.Build.0 = Release|ARM
		{6C27A9BC-CB11-4B0A-AA11-7F7706F42E5D}.Ad-Hoc|ARM.Deploy.0 = Release|ARM
		{6C27A9BC-CB11-4B0A-AA11-7F7706F42E5D}.Ad-Hoc|iPhone.ActiveCfg = Release|x86
		{6C27A9BC-CB11-4B0A-AA11-7F7706F42E5D}.Ad-Hoc|iPhone.Build.0 = Release|x86
		{6C27A9BC-CB11-4B0A-AA11-7F7706F42E5D}.Ad-Hoc|iPhone.Deploy.0 = Release|x86
		{6C27A9BC-CB11-4B0A-AA11-7F7706F42E5D}.Ad-Hoc|iPhoneSimulator.ActiveCfg = Release|x86
		{6C27A9BC-CB11-4B0A-AA11-7F7706F42E5D}.Ad-Hoc|iPhoneSimulator.Build.0 = Release|x86
		{6C27A9BC-CB11-4B0A-AA11-7F7706F42E5D}.Ad-Hoc|iPhoneSimulator.Deploy.0 = Release|x86
		{6C27A9BC-CB11-4B0A-AA11-7F7706F42E5D}.Ad-Hoc|x64.ActiveCfg = Release|x64
		{6C27A9BC-CB11-4B0A-AA11-7F7706F42E5D}.Ad-Hoc|x64.Build.0 = Release|x64
		{6C27A9BC-CB11-4B0A-AA11-7F7706F42E5D}.Ad-Hoc|x64.Deploy.0 = Release|x64
		{6C27A9BC-CB11-4B0A-AA11-7F7706F42E5D}.Ad-Hoc|x86.ActiveCfg = Release|x86
		{6C27A9BC-CB11-4B0A-AA11-7F7706F42E5D}.Ad-Hoc|x86.Build.0 = Release|x86
		{6C27A9BC-CB11-4B0A-AA11-7F7706F42E5D}.Ad-Hoc|x86.Deploy.0 = Release|x86
		{6C27A9BC-CB11-4B0A-AA11-7F7706F42E5D}.AppStore|Any CPU.ActiveCfg = Release|x86
		{6C27A9BC-CB11-4B0A-AA11-7F7706F42E5D}.AppStore|Any CPU.Build.0 = Release|x86
		{6C27A9BC-CB11-4B0A-AA11-7F7706F42E5D}.AppStore|Any CPU.Deploy.0 = Release|x86
		{6C27A9BC-CB11-4B0A-AA11-7F7706F42E5D}.AppStore|ARM.ActiveCfg = Release|ARM
		{6C27A9BC-CB11-4B0A-AA11-7F7706F42E5D}.AppStore|ARM.Build.0 = Release|ARM
		{6C27A9BC-CB11-4B0A-AA11-7F7706F42E5D}.AppStore|ARM.Deploy.0 = Release|ARM
		{6C27A9BC-CB11-4B0A-AA11-7F7706F42E5D}.AppStore|iPhone.ActiveCfg = Release|x86
		{6C27A9BC-CB11-4B0A-AA11-7F7706F42E5D}.AppStore|iPhone.Build.0 = Release|x86
		{6C27A9BC-CB11-4B0A-AA11-7F7706F42E5D}.AppStore|iPhone.Deploy.0 = Release|x86
		{6C27A9BC-CB11-4B0A-AA11-7F7706F42E5D}.AppStore|iPhoneSimulator.ActiveCfg = Release|x86
		{6C27A9BC-CB11-4B0A-AA11-7F7706F42E5D}.AppStore|iPhoneSimulator.Build.0 = Release|x86
		{6C27A9BC-CB11-4B0A-AA11-7F7706F42E5D}.AppStore|iPhoneSimulator.Deploy.0 = Release|x86
		{6C27A9BC-CB11-4B0A-AA11-7F7706F42E5D}.AppStore|x64.ActiveCfg = Release|x64
		{6C27A9BC-CB11-4B0A-AA11-7F7706F42E5D}.AppStore|x64.Build.0 = Release|x64
		{6C27A9BC-CB11-4B0A-AA11-7F7706F42E5D}.AppStore|x64.Deploy.0 = Release|x64
		{6C27A9BC-CB11-4B0A-AA11-7F7706F42E5D}.AppStore|x86.ActiveCfg = Release|x86
		{6C27A9BC-CB11-4B0A-AA11-7F7706F42E5D}.AppStore|x86.Build.0 = Release|x86
		{6C27A9BC-CB11-4B0A-AA11-7F7706F42E5D}.AppStore|x86.Deploy.0 = Release|x86
		{6C27A9BC-CB11-4B0A-AA11-7F7706F42E5D}.Debug|Any CPU.ActiveCfg = Debug|x86
		{6C27A9BC-CB11-4B0A-AA11-7F7706F42E5D}.Debug|Any CPU.Build.0 = Debug|x86
		{6C27A9BC-CB11-4B0A-AA11-7F7706F42E5D}.Debug|Any CPU.Deploy.0 = Debug|x86
		{6C27A9BC-CB11-4B0A-AA11-7F7706F42E5D}.Debug|ARM.ActiveCfg = Debug|ARM
		{6C27A9BC-CB11-4B0A-AA11-7F7706F42E5D}.Debug|ARM.Build.0 = Debug|ARM
		{6C27A9BC-CB11-4B0A-AA11-7F7706F42E5D}.Debug|ARM.Deploy.0 = Debug|ARM
		{6C27A9BC-CB11-4B0A-AA11-7F7706F42E5D}.Debug|iPhone.ActiveCfg = Debug|x86
		{6C27A9BC-CB11-4B0A-AA11-7F7706F42E5D}.Debug|iPhone.Build.0 = Debug|x86
		{6C27A9BC-CB11-4B0A-AA11-7F7706F42E5D}.Debug|iPhone.Deploy.0 = Debug|x86
		{6C27A9BC-CB11-4B0A-AA11-7F7706F42E5D}.Debug|iPhoneSimulator.ActiveCfg = Debug|x86
		{6C27A9BC-CB11-4B0A-AA11-7F7706F42E5D}.Debug|iPhoneSimulator.Build.0 = Debug|x86
		{6C27A9BC-CB11-4B0A-AA11-7F7706F42E5D}.Debug|iPhoneSimulator.Deploy.0 = Debug|x86
		{6C27A9BC-CB11-4B0A-AA11-7F7706F42E5D}.Debug|x64.ActiveCfg = Debug|x64
		{6C27A9BC-CB11-4B0A-AA11-7F7706F42E5D}.Debug|x64.Build.0 = Debug|x64
		{6C27A9BC-CB11-4B0A-AA11-7F7706F42E5D}.Debug|x64.Deploy.0 = Debug|x64
		{6C27A9BC-CB11-4B0A-AA11-7F7706F42E5D}.Debug|x86.ActiveCfg = Debug|x86
		{6C27A9BC-CB11-4B0A-AA11-7F7706F42E5D}.Debug|x86.Build.0 = Debug|x86
		{6C27A9BC-CB11-4B0A-AA11-7F7706F42E5D}.Debug|x86.Deploy.0 = Debug|x86
		{6C27A9BC-CB11-4B0A-AA11-7F7706F42E5D}.Release|Any CPU.ActiveCfg = Release|x86
		{6C27A9BC-CB11-4B0A-AA11-7F7706F42E5D}.Release|Any CPU.Build.0 = Release|x86
		{6C27A9BC-CB11-4B0A-AA11-7F7706F42E5D}.Release|Any CPU.Deploy.0 = Release|x86
		{6C27A9BC-CB11-4B0A-AA11-7F7706F42E5D}.Release|ARM.ActiveCfg = Release|ARM
		{6C27A9BC-CB11-4B0A-AA11-7F7706F42E5D}.Release|ARM.Build.0 = Release|ARM
		{6C27A9BC-CB11-4B0A-AA11-7F7706F42E5D}.Release|ARM.Deploy.0 = Release|ARM
		{6C27A9BC-CB11-4B0A-AA11-7F7706F42E5D}.Release|iPhone.ActiveCfg = Release|x86
		{6C27A9BC-CB11-4B0A-AA11-7F7706F42E5D}.Release|iPhone.Build.0 = Release|x86
		{6C27A9BC-CB11-4B0A-AA11-7F7706F42E5D}.Release|iPhone.Deploy.0 = Release|x86
		{6C27A9BC-CB11-4B0A-AA11-7F7706F42E5D}.Release|iPhoneSimulator.ActiveCfg = Release|x86
		{6C27A9BC-CB11-4B0A-AA11-7F7706F42E5D}.Release|iPhoneSimulator.Build.0 = Release|x86
		{6C27A9BC-CB11-4B0A-AA11-7F7706F42E5D}.Release|iPhoneSimulator.Deploy.0 = Release|x86
		{6C27A9BC-CB11-4B0A-AA11-7F7706F42E5D}.Release|x64.ActiveCfg = Release|x64
		{6C27A9BC-CB11-4B0A-AA11-7F7706F42E5D}.Release|x64.Build.0 = Release|x64
		{6C27A9BC-CB11-4B0A-AA11-7F7706F42E5D}.Release|x64.Deploy.0 = Release|x64
		{6C27A9BC-CB11-4B0A-AA11-7F7706F42E5D}.Release|x86.ActiveCfg = Release|x86
		{6C27A9BC-CB11-4B0A-AA11-7F7706F42E5D}.Release|x86.Build.0 = Release|x86
		{6C27A9BC-CB11-4B0A-AA11-7F7706F42E5D}.Release|x86.Deploy.0 = Release|x86
		{EC2A8B50-79E5-488A-A17C-BEE57F7962BA}.Ad-Hoc|Any CPU.ActiveCfg = Debug|Any CPU
		{EC2A8B50-79E5-488A-A17C-BEE57F7962BA}.Ad-Hoc|Any CPU.Build.0 = Debug|Any CPU
		{EC2A8B50-79E5-488A-A17C-BEE57F7962BA}.Ad-Hoc|Any CPU.Deploy.0 = Debug|Any CPU
		{EC2A8B50-79E5-488A-A17C-BEE57F7962BA}.Ad-Hoc|ARM.ActiveCfg = Debug|Any CPU
		{EC2A8B50-79E5-488A-A17C-BEE57F7962BA}.Ad-Hoc|ARM.Build.0 = Debug|Any CPU
		{EC2A8B50-79E5-488A-A17C-BEE57F7962BA}.Ad-Hoc|ARM.Deploy.0 = Debug|Any CPU
		{EC2A8B50-79E5-488A-A17C-BEE57F7962BA}.Ad-Hoc|iPhone.ActiveCfg = Debug|Any CPU
		{EC2A8B50-79E5-488A-A17C-BEE57F7962BA}.Ad-Hoc|iPhone.Build.0 = Debug|Any CPU
		{EC2A8B50-79E5-488A-A17C-BEE57F7962BA}.Ad-Hoc|iPhone.Deploy.0 = Debug|Any CPU
		{EC2A8B50-79E5-488A-A17C-BEE57F7962BA}.Ad-Hoc|iPhoneSimulator.ActiveCfg = Debug|Any CPU
		{EC2A8B50-79E5-488A-A17C-BEE57F7962BA}.Ad-Hoc|iPhoneSimulator.Build.0 = Debug|Any CPU
		{EC2A8B50-79E5-488A-A17C-BEE57F7962BA}.Ad-Hoc|iPhoneSimulator.Deploy.0 = Debug|Any CPU
		{EC2A8B50-79E5-488A-A17C-BEE57F7962BA}.Ad-Hoc|x64.ActiveCfg = Debug|Any CPU
		{EC2A8B50-79E5-488A-A17C-BEE57F7962BA}.Ad-Hoc|x64.Build.0 = Debug|Any CPU
		{EC2A8B50-79E5-488A-A17C-BEE57F7962BA}.Ad-Hoc|x64.Deploy.0 = Debug|Any CPU
		{EC2A8B50-79E5-488A-A17C-BEE57F7962BA}.Ad-Hoc|x86.ActiveCfg = Debug|Any CPU
		{EC2A8B50-79E5-488A-A17C-BEE57F7962BA}.Ad-Hoc|x86.Build.0 = Debug|Any CPU
		{EC2A8B50-79E5-488A-A17C-BEE57F7962BA}.Ad-Hoc|x86.Deploy.0 = Debug|Any CPU
		{EC2A8B50-79E5-488A-A17C-BEE57F7962BA}.AppStore|Any CPU.ActiveCfg = Debug|Any CPU
		{EC2A8B50-79E5-488A-A17C-BEE57F7962BA}.AppStore|Any CPU.Build.0 = Debug|Any CPU
		{EC2A8B50-79E5-488A-A17C-BEE57F7962BA}.AppStore|Any CPU.Deploy.0 = Debug|Any CPU
		{EC2A8B50-79E5-488A-A17C-BEE57F7962BA}.AppStore|ARM.ActiveCfg = Debug|Any CPU
		{EC2A8B50-79E5-488A-A17C-BEE57F7962BA}.AppStore|ARM.Build.0 = Debug|Any CPU
		{EC2A8B50-79E5-488A-A17C-BEE57F7962BA}.AppStore|ARM.Deploy.0 = Debug|Any CPU
		{EC2A8B50-79E5-488A-A17C-BEE57F7962BA}.AppStore|iPhone.ActiveCfg = Debug|Any CPU
		{EC2A8B50-79E5-488A-A17C-BEE57F7962BA}.AppStore|iPhone.Build.0 = Debug|Any CPU
		{EC2A8B50-79E5-488A-A17C-BEE57F7962BA}.AppStore|iPhone.Deploy.0 = Debug|Any CPU
		{EC2A8B50-79E5-488A-A17C-BEE57F7962BA}.AppStore|iPhoneSimulator.ActiveCfg = Debug|Any CPU
		{EC2A8B50-79E5-488A-A17C-BEE57F7962BA}.AppStore|iPhoneSimulator.Build.0 = Debug|Any CPU
		{EC2A8B50-79E5-488A-A17C-BEE57F7962BA}.AppStore|iPhoneSimulator.Deploy.0 = Debug|Any CPU
		{EC2A8B50-79E5-488A-A17C-BEE57F7962BA}.AppStore|x64.ActiveCfg = Debug|Any CPU
		{EC2A8B50-79E5-488A-A17C-BEE57F7962BA}.AppStore|x64.Build.0 = Debug|Any CPU
		{EC2A8B50-79E5-488A-A17C-BEE57F7962BA}.AppStore|x64.Deploy.0 = Debug|Any CPU
		{EC2A8B50-79E5-488A-A17C-BEE57F7962BA}.AppStore|x86.ActiveCfg = Debug|Any CPU
		{EC2A8B50-79E5-488A-A17C-BEE57F7962BA}.AppStore|x86.Build.0 = Debug|Any CPU
		{EC2A8B50-79E5-488A-A17C-BEE57F7962BA}.AppStore|x86.Deploy.0 = Debug|Any CPU
		{EC2A8B50-79E5-488A-A17C-BEE57F7962BA}.Debug|Any CPU.ActiveCfg = Debug|Any CPU
		{EC2A8B50-79E5-488A-A17C-BEE57F7962BA}.Debug|Any CPU.Build.0 = Debug|Any CPU
		{EC2A8B50-79E5-488A-A17C-BEE57F7962BA}.Debug|Any CPU.Deploy.0 = Debug|Any CPU
		{EC2A8B50-79E5-488A-A17C-BEE57F7962BA}.Debug|ARM.ActiveCfg = Debug|Any CPU
		{EC2A8B50-79E5-488A-A17C-BEE57F7962BA}.Debug|ARM.Build.0 = Debug|Any CPU
		{EC2A8B50-79E5-488A-A17C-BEE57F7962BA}.Debug|ARM.Deploy.0 = Debug|Any CPU
		{EC2A8B50-79E5-488A-A17C-BEE57F7962BA}.Debug|iPhone.ActiveCfg = Debug|Any CPU
		{EC2A8B50-79E5-488A-A17C-BEE57F7962BA}.Debug|iPhone.Build.0 = Debug|Any CPU
		{EC2A8B50-79E5-488A-A17C-BEE57F7962BA}.Debug|iPhone.Deploy.0 = Debug|Any CPU
		{EC2A8B50-79E5-488A-A17C-BEE57F7962BA}.Debug|iPhoneSimulator.ActiveCfg = Debug|Any CPU
		{EC2A8B50-79E5-488A-A17C-BEE57F7962BA}.Debug|iPhoneSimulator.Build.0 = Debug|Any CPU
		{EC2A8B50-79E5-488A-A17C-BEE57F7962BA}.Debug|iPhoneSimulator.Deploy.0 = Debug|Any CPU
		{EC2A8B50-79E5-488A-A17C-BEE57F7962BA}.Debug|x64.ActiveCfg = Debug|Any CPU
		{EC2A8B50-79E5-488A-A17C-BEE57F7962BA}.Debug|x64.Build.0 = Debug|Any CPU
		{EC2A8B50-79E5-488A-A17C-BEE57F7962BA}.Debug|x64.Deploy.0 = Debug|Any CPU
		{EC2A8B50-79E5-488A-A17C-BEE57F7962BA}.Debug|x86.ActiveCfg = Debug|Any CPU
		{EC2A8B50-79E5-488A-A17C-BEE57F7962BA}.Debug|x86.Build.0 = Debug|Any CPU
		{EC2A8B50-79E5-488A-A17C-BEE57F7962BA}.Debug|x86.Deploy.0 = Debug|Any CPU
		{EC2A8B50-79E5-488A-A17C-BEE57F7962BA}.Release|Any CPU.ActiveCfg = Release|Any CPU
		{EC2A8B50-79E5-488A-A17C-BEE57F7962BA}.Release|Any CPU.Build.0 = Release|Any CPU
		{EC2A8B50-79E5-488A-A17C-BEE57F7962BA}.Release|Any CPU.Deploy.0 = Release|Any CPU
		{EC2A8B50-79E5-488A-A17C-BEE57F7962BA}.Release|ARM.ActiveCfg = Release|Any CPU
		{EC2A8B50-79E5-488A-A17C-BEE57F7962BA}.Release|ARM.Build.0 = Release|Any CPU
		{EC2A8B50-79E5-488A-A17C-BEE57F7962BA}.Release|ARM.Deploy.0 = Release|Any CPU
		{EC2A8B50-79E5-488A-A17C-BEE57F7962BA}.Release|iPhone.ActiveCfg = Release|Any CPU
		{EC2A8B50-79E5-488A-A17C-BEE57F7962BA}.Release|iPhone.Build.0 = Release|Any CPU
		{EC2A8B50-79E5-488A-A17C-BEE57F7962BA}.Release|iPhone.Deploy.0 = Release|Any CPU
		{EC2A8B50-79E5-488A-A17C-BEE57F7962BA}.Release|iPhoneSimulator.ActiveCfg = Release|Any CPU
		{EC2A8B50-79E5-488A-A17C-BEE57F7962BA}.Release|iPhoneSimulator.Build.0 = Release|Any CPU
		{EC2A8B50-79E5-488A-A17C-BEE57F7962BA}.Release|iPhoneSimulator.Deploy.0 = Release|Any CPU
		{EC2A8B50-79E5-488A-A17C-BEE57F7962BA}.Release|x64.ActiveCfg = Release|Any CPU
		{EC2A8B50-79E5-488A-A17C-BEE57F7962BA}.Release|x64.Build.0 = Release|Any CPU
		{EC2A8B50-79E5-488A-A17C-BEE57F7962BA}.Release|x64.Deploy.0 = Release|Any CPU
		{EC2A8B50-79E5-488A-A17C-BEE57F7962BA}.Release|x86.ActiveCfg = Release|Any CPU
		{EC2A8B50-79E5-488A-A17C-BEE57F7962BA}.Release|x86.Build.0 = Release|Any CPU
		{EC2A8B50-79E5-488A-A17C-BEE57F7962BA}.Release|x86.Deploy.0 = Release|Any CPU
	EndGlobalSection
	GlobalSection(SolutionProperties) = preSolution
		HideSolutionNode = FALSE
	EndGlobalSection
	GlobalSection(ExtensibilityGlobals) = postSolution
		SolutionGuid = {5437B4A0-831B-4C17-B518-ED62EBE50EA3}
	EndGlobalSection
EndGlobal
